
Microsoft Visual Studio Solution File, Format Version 12.00
# Visual Studio Version 16
VisualStudioVersion = 16.0.30907.101
MinimumVisualStudioVersion = 10.0.40219.1
Project("{FAE04EC0-301F-11D3-BF4B-00C04F79EFBC}") = "WpfApp1", "WpfApp1\WpfApp1.csproj", "{CF589DC4-5D5E-4475-A73D-4C2C1D71C072}"
EndProject
Project("{2150E333-8FDC-42A3-9474-1A3956D46DE8}") = "Solution Items", "Solution Items", "{F022BD64-0346-44A3-BD66-BDD7CA7B87E5}"
	ProjectSection(SolutionItems) = preProject
		.editorconfig = .editorconfig
	EndProjectSection
EndProject
Global
	GlobalSection(SolutionConfigurationPlatforms) = preSolution
		Debug|Any CPU = Debug|Any CPU
		Release|Any CPU = Release|Any CPU
	EndGlobalSection
	GlobalSection(ProjectConfigurationPlatforms) = postSolution
		{CF589DC4-5D5E-4475-A73D-4C2C1D71C072}.Debug|Any CPU.ActiveCfg = Debug|Any CPU
		{CF589DC4-5D5E-4475-A73D-4C2C1D71C072}.Debug|Any CPU.Build.0 = Debug|Any CPU
		{CF589DC4-5D5E-4475-A73D-4C2C1D71C072}.Release|Any CPU.ActiveCfg = Release|Any CPU
		{CF589DC4-5D5E-4475-A73D-4C2C1D71C072}.Release|Any CPU.Build.0 = Release|Any CPU
	EndGlobalSection
	GlobalSection(SolutionProperties) = preSolution
		HideSolutionNode = FALSE
	EndGlobalSection
	GlobalSection(ExtensibilityGlobals) = postSolution
		SolutionGuid = {4A84D64A-E716-407C-8411-8E0E44ABF3AE}
	EndGlobalSection
EndGlobal
